
Microsoft Visual Studio Solution File, Format Version 12.00
# Visual Studio Version 16
VisualStudioVersion = 16.0.31829.152
MinimumVisualStudioVersion = 10.0.40219.1
Project("{FAE04EC0-301F-11D3-BF4B-00C04F79EFBC}") = "csharp_example", "csharp_example\csharp_example.csproj", "{52CE3312-4686-48F2-BB77-B416DC678BE3}"
EndProject
Global
	GlobalSection(SolutionConfigurationPlatforms) = preSolution
		Debug|Any CPU = Debug|Any CPU
		Release|Any CPU = Release|Any CPU
	EndGlobalSection
	GlobalSection(ProjectConfigurationPlatforms) = postSolution
		{52CE3312-4686-48F2-BB77-B416DC678BE3}.Debug|Any CPU.ActiveCfg = Debug|Any CPU
		{52CE3312-4686-48F2-BB77-B416DC678BE3}.Debug|Any CPU.Build.0 = Debug|Any CPU
		{52CE3312-4686-48F2-BB77-B416DC678BE3}.Release|Any CPU.ActiveCfg = Release|Any CPU
		{52CE3312-4686-48F2-BB77-B416DC678BE3}.Release|Any CPU.Build.0 = Release|Any CPU
	EndGlobalSection
	GlobalSection(SolutionProperties) = preSolution
		HideSolutionNode = FALSE
	EndGlobalSection
	GlobalSection(ExtensibilityGlobals) = postSolution
		SolutionGuid = {ECAE628F-4D55-4EAC-88E5-13C7266662FB}
	EndGlobalSection
EndGlobal
