
Microsoft Visual Studio Solution File, Format Version 12.00
# Visual Studio Version 16
VisualStudioVersion = 16.0.31729.503
MinimumVisualStudioVersion = 10.0.40219.1
Project("{FAE04EC0-301F-11D3-BF4B-00C04F79EFBC}") = "csharp_swap", "csharp_swap\csharp_swap.csproj", "{893170E0-8074-4569-B6DC-264B4E60A6A1}"
EndProject
Global
	GlobalSection(SolutionConfigurationPlatforms) = preSolution
		Debug|Any CPU = Debug|Any CPU
		Release|Any CPU = Release|Any CPU
	EndGlobalSection
	GlobalSection(ProjectConfigurationPlatforms) = postSolution
		{893170E0-8074-4569-B6DC-264B4E60A6A1}.Debug|Any CPU.ActiveCfg = Debug|Any CPU
		{893170E0-8074-4569-B6DC-264B4E60A6A1}.Debug|Any CPU.Build.0 = Debug|Any CPU
		{893170E0-8074-4569-B6DC-264B4E60A6A1}.Release|Any CPU.ActiveCfg = Release|Any CPU
		{893170E0-8074-4569-B6DC-264B4E60A6A1}.Release|Any CPU.Build.0 = Release|Any CPU
	EndGlobalSection
	GlobalSection(SolutionProperties) = preSolution
		HideSolutionNode = FALSE
	EndGlobalSection
	GlobalSection(ExtensibilityGlobals) = postSolution
		SolutionGuid = {1B8CF0CD-168F-406F-9B76-0DEBEE119C83}
	EndGlobalSection
EndGlobal
