
Microsoft Visual Studio Solution File, Format Version 12.00
# Visual Studio Version 16
VisualStudioVersion = 16.0.31729.503
MinimumVisualStudioVersion = 10.0.40219.1
Project("{FAE04EC0-301F-11D3-BF4B-00C04F79EFBC}") = "csharp_inheritence", "csharp_inheritence\csharp_inheritence.csproj", "{57E1D715-C2EE-410B-B8EA-3BD34FBD151F}"
EndProject
Global
	GlobalSection(SolutionConfigurationPlatforms) = preSolution
		Debug|Any CPU = Debug|Any CPU
		Release|Any CPU = Release|Any CPU
	EndGlobalSection
	GlobalSection(ProjectConfigurationPlatforms) = postSolution
		{57E1D715-C2EE-410B-B8EA-3BD34FBD151F}.Debug|Any CPU.ActiveCfg = Debug|Any CPU
		{57E1D715-C2EE-410B-B8EA-3BD34FBD151F}.Debug|Any CPU.Build.0 = Debug|Any CPU
		{57E1D715-C2EE-410B-B8EA-3BD34FBD151F}.Release|Any CPU.ActiveCfg = Release|Any CPU
		{57E1D715-C2EE-410B-B8EA-3BD34FBD151F}.Release|Any CPU.Build.0 = Release|Any CPU
	EndGlobalSection
	GlobalSection(SolutionProperties) = preSolution
		HideSolutionNode = FALSE
	EndGlobalSection
	GlobalSection(ExtensibilityGlobals) = postSolution
		SolutionGuid = {42E8CDB3-7F5B-4D25-82E2-2DDA18375106}
	EndGlobalSection
EndGlobal
