
Microsoft Visual Studio Solution File, Format Version 12.00
# Visual Studio Version 16
VisualStudioVersion = 16.0.31829.152
MinimumVisualStudioVersion = 10.0.40219.1
Project("{FAE04EC0-301F-11D3-BF4B-00C04F79EFBC}") = "sk-vs2019-demo22", "sk-vs2019-demo22\sk-vs2019-demo22.csproj", "{DD12EDDF-E9C1-44D9-B123-3CA1F875A59D}"
EndProject
Global
	GlobalSection(SolutionConfigurationPlatforms) = preSolution
		Debug|Any CPU = Debug|Any CPU
		Release|Any CPU = Release|Any CPU
	EndGlobalSection
	GlobalSection(ProjectConfigurationPlatforms) = postSolution
		{DD12EDDF-E9C1-44D9-B123-3CA1F875A59D}.Debug|Any CPU.ActiveCfg = Debug|Any CPU
		{DD12EDDF-E9C1-44D9-B123-3CA1F875A59D}.Debug|Any CPU.Build.0 = Debug|Any CPU
		{DD12EDDF-E9C1-44D9-B123-3CA1F875A59D}.Release|Any CPU.ActiveCfg = Release|Any CPU
		{DD12EDDF-E9C1-44D9-B123-3CA1F875A59D}.Release|Any CPU.Build.0 = Release|Any CPU
	EndGlobalSection
	GlobalSection(SolutionProperties) = preSolution
		HideSolutionNode = FALSE
	EndGlobalSection
	GlobalSection(ExtensibilityGlobals) = postSolution
		SolutionGuid = {1376A391-7F50-42D6-8A49-CA0D00BCE548}
	EndGlobalSection
EndGlobal
