
Microsoft Visual Studio Solution File, Format Version 12.00
# Visual Studio Version 16
VisualStudioVersion = 16.0.31829.152
MinimumVisualStudioVersion = 10.0.40219.1
Project("{FAE04EC0-301F-11D3-BF4B-00C04F79EFBC}") = "sk-vs2019-demo", "sk-vs2019-demo\sk-vs2019-demo.csproj", "{F10679D1-6B6C-4E60-8893-A2C73D7952BB}"
EndProject
Global
	GlobalSection(SolutionConfigurationPlatforms) = preSolution
		Debug|Any CPU = Debug|Any CPU
		Release|Any CPU = Release|Any CPU
	EndGlobalSection
	GlobalSection(ProjectConfigurationPlatforms) = postSolution
		{F10679D1-6B6C-4E60-8893-A2C73D7952BB}.Debug|Any CPU.ActiveCfg = Debug|Any CPU
		{F10679D1-6B6C-4E60-8893-A2C73D7952BB}.Debug|Any CPU.Build.0 = Debug|Any CPU
		{F10679D1-6B6C-4E60-8893-A2C73D7952BB}.Release|Any CPU.ActiveCfg = Release|Any CPU
		{F10679D1-6B6C-4E60-8893-A2C73D7952BB}.Release|Any CPU.Build.0 = Release|Any CPU
	EndGlobalSection
	GlobalSection(SolutionProperties) = preSolution
		HideSolutionNode = FALSE
	EndGlobalSection
	GlobalSection(ExtensibilityGlobals) = postSolution
		SolutionGuid = {2AD419B6-EB9A-45B7-8E78-7388F467B609}
	EndGlobalSection
EndGlobal
