
Microsoft Visual Studio Solution File, Format Version 12.00
# Visual Studio Version 16
VisualStudioVersion = 16.0.31829.152
MinimumVisualStudioVersion = 10.0.40219.1
Project("{FAE04EC0-301F-11D3-BF4B-00C04F79EFBC}") = "sk-vs2019-demo23", "sk-vs2019-demo23.csproj", "{BEC0BC53-C25A-49A1-928F-CF9865F57E51}"
EndProject
Global
	GlobalSection(SolutionConfigurationPlatforms) = preSolution
		Debug|Any CPU = Debug|Any CPU
		Release|Any CPU = Release|Any CPU
	EndGlobalSection
	GlobalSection(ProjectConfigurationPlatforms) = postSolution
		{BEC0BC53-C25A-49A1-928F-CF9865F57E51}.Debug|Any CPU.ActiveCfg = Debug|Any CPU
		{BEC0BC53-C25A-49A1-928F-CF9865F57E51}.Debug|Any CPU.Build.0 = Debug|Any CPU
		{BEC0BC53-C25A-49A1-928F-CF9865F57E51}.Release|Any CPU.ActiveCfg = Release|Any CPU
		{BEC0BC53-C25A-49A1-928F-CF9865F57E51}.Release|Any CPU.Build.0 = Release|Any CPU
	EndGlobalSection
	GlobalSection(SolutionProperties) = preSolution
		HideSolutionNode = FALSE
	EndGlobalSection
	GlobalSection(ExtensibilityGlobals) = postSolution
		SolutionGuid = {A7049C82-41AA-4D4A-9FEF-79AD1ECBA0DA}
	EndGlobalSection
EndGlobal
