
Microsoft Visual Studio Solution File, Format Version 12.00
# Visual Studio Version 16
VisualStudioVersion = 16.0.31829.152
MinimumVisualStudioVersion = 10.0.40219.1
Project("{FAE04EC0-301F-11D3-BF4B-00C04F79EFBC}") = "sh-webapplication", "sh-webapplication.csproj", "{B1F63385-2A71-4C81-A499-B2BC13F83155}"
EndProject
Global
	GlobalSection(SolutionConfigurationPlatforms) = preSolution
		Debug|Any CPU = Debug|Any CPU
		Release|Any CPU = Release|Any CPU
	EndGlobalSection
	GlobalSection(ProjectConfigurationPlatforms) = postSolution
		{B1F63385-2A71-4C81-A499-B2BC13F83155}.Debug|Any CPU.ActiveCfg = Debug|Any CPU
		{B1F63385-2A71-4C81-A499-B2BC13F83155}.Debug|Any CPU.Build.0 = Debug|Any CPU
		{B1F63385-2A71-4C81-A499-B2BC13F83155}.Release|Any CPU.ActiveCfg = Release|Any CPU
		{B1F63385-2A71-4C81-A499-B2BC13F83155}.Release|Any CPU.Build.0 = Release|Any CPU
	EndGlobalSection
	GlobalSection(SolutionProperties) = preSolution
		HideSolutionNode = FALSE
	EndGlobalSection
	GlobalSection(ExtensibilityGlobals) = postSolution
		SolutionGuid = {67EFF579-9E2F-4553-8C28-39B54C80D42F}
	EndGlobalSection
EndGlobal
