
Microsoft Visual Studio Solution File, Format Version 12.00
# Visual Studio Version 16
VisualStudioVersion = 16.0.31729.503
MinimumVisualStudioVersion = 10.0.40219.1
Project("{FAE04EC0-301F-11D3-BF4B-00C04F79EFBC}") = "csharp_Demo", "csharp_Demo\csharp_Demo.csproj", "{F57ABFD3-CE7D-480D-8494-4F99E690CB13}"
EndProject
Global
	GlobalSection(SolutionConfigurationPlatforms) = preSolution
		Debug|Any CPU = Debug|Any CPU
		Release|Any CPU = Release|Any CPU
	EndGlobalSection
	GlobalSection(ProjectConfigurationPlatforms) = postSolution
		{F57ABFD3-CE7D-480D-8494-4F99E690CB13}.Debug|Any CPU.ActiveCfg = Debug|Any CPU
		{F57ABFD3-CE7D-480D-8494-4F99E690CB13}.Debug|Any CPU.Build.0 = Debug|Any CPU
		{F57ABFD3-CE7D-480D-8494-4F99E690CB13}.Release|Any CPU.ActiveCfg = Release|Any CPU
		{F57ABFD3-CE7D-480D-8494-4F99E690CB13}.Release|Any CPU.Build.0 = Release|Any CPU
	EndGlobalSection
	GlobalSection(SolutionProperties) = preSolution
		HideSolutionNode = FALSE
	EndGlobalSection
	GlobalSection(ExtensibilityGlobals) = postSolution
		SolutionGuid = {B9550ADA-BFB5-4D55-A4DC-E4F9BCF29443}
	EndGlobalSection
EndGlobal
