
Microsoft Visual Studio Solution File, Format Version 12.00
# Visual Studio Version 16
VisualStudioVersion = 16.0.31829.152
MinimumVisualStudioVersion = 10.0.40219.1
Project("{FAE04EC0-301F-11D3-BF4B-00C04F79EFBC}") = "ConsoleApp4", "ConsoleApp4\ConsoleApp4.csproj", "{5B94E326-2203-4F78-B42A-AD8146D4644A}"
EndProject
Global
	GlobalSection(SolutionConfigurationPlatforms) = preSolution
		Debug|Any CPU = Debug|Any CPU
		Release|Any CPU = Release|Any CPU
	EndGlobalSection
	GlobalSection(ProjectConfigurationPlatforms) = postSolution
		{5B94E326-2203-4F78-B42A-AD8146D4644A}.Debug|Any CPU.ActiveCfg = Debug|Any CPU
		{5B94E326-2203-4F78-B42A-AD8146D4644A}.Debug|Any CPU.Build.0 = Debug|Any CPU
		{5B94E326-2203-4F78-B42A-AD8146D4644A}.Release|Any CPU.ActiveCfg = Release|Any CPU
		{5B94E326-2203-4F78-B42A-AD8146D4644A}.Release|Any CPU.Build.0 = Release|Any CPU
	EndGlobalSection
	GlobalSection(SolutionProperties) = preSolution
		HideSolutionNode = FALSE
	EndGlobalSection
	GlobalSection(ExtensibilityGlobals) = postSolution
		SolutionGuid = {1577B468-B787-4FB4-AA42-6F7DAD111F0C}
	EndGlobalSection
EndGlobal
